
Microsoft Visual Studio Solution File, Format Version 10.00
# Visual Studio 2008
Project("{FAE04EC0-301F-11D3-BF4B-00C04F79EFBC}") = "Gherkin", "Gherkin\Gherkin.csproj", "{B7CD3273-2795-4F16-A458-890E77B39E71}"
EndProject
Project("{FAE04EC0-301F-11D3-BF4B-00C04F79EFBC}") = "Gherkin.Tests", "Gherkin.Tests\Gherkin.Tests.csproj", "{3136E586-1B00-4782-B710-8A7E4E9272A3}"
EndProject
Global
	GlobalSection(SolutionConfigurationPlatforms) = preSolution
		Debug|Any CPU = Debug|Any CPU
		Release|Any CPU = Release|Any CPU
	EndGlobalSection
	GlobalSection(ProjectConfigurationPlatforms) = postSolution
		{B7CD3273-2795-4F16-A458-890E77B39E71}.Debug|Any CPU.ActiveCfg = Debug|Any CPU
		{B7CD3273-2795-4F16-A458-890E77B39E71}.Debug|Any CPU.Build.0 = Debug|Any CPU
		{B7CD3273-2795-4F16-A458-890E77B39E71}.Release|Any CPU.ActiveCfg = Release|Any CPU
		{B7CD3273-2795-4F16-A458-890E77B39E71}.Release|Any CPU.Build.0 = Release|Any CPU
		{3136E586-1B00-4782-B710-8A7E4E9272A3}.Debug|Any CPU.ActiveCfg = Debug|Any CPU
		{3136E586-1B00-4782-B710-8A7E4E9272A3}.Debug|Any CPU.Build.0 = Debug|Any CPU
		{3136E586-1B00-4782-B710-8A7E4E9272A3}.Release|Any CPU.ActiveCfg = Release|Any CPU
		{3136E586-1B00-4782-B710-8A7E4E9272A3}.Release|Any CPU.Build.0 = Release|Any CPU
	EndGlobalSection
	GlobalSection(SolutionProperties) = preSolution
		HideSolutionNode = FALSE
	EndGlobalSection
EndGlobal
